
Microsoft Visual Studio Solution File, Format Version 12.00
# Visual Studio 15
VisualStudioVersion = 15.0.27130.2027
MinimumVisualStudioVersion = 10.0.40219.1
Project("{FAE04EC0-301F-11D3-BF4B-00C04F79EFBC}") = "Web", "Web\Web.csproj", "{FA2FFBB5-4DD8-429B-9600-5FA5ECC7A831}"
EndProject
Project("{FAE04EC0-301F-11D3-BF4B-00C04F79EFBC}") = "Auth", "Auth\Auth.csproj", "{948FA8B5-8CA3-4B97-B8AB-93CEE3FFF903}"
EndProject
Global
	GlobalSection(SolutionConfigurationPlatforms) = preSolution
		Debug|Any CPU = Debug|Any CPU
		Release|Any CPU = Release|Any CPU
	EndGlobalSection
	GlobalSection(ProjectConfigurationPlatforms) = postSolution
		{FA2FFBB5-4DD8-429B-9600-5FA5ECC7A831}.Debug|Any CPU.ActiveCfg = Debug|Any CPU
		{FA2FFBB5-4DD8-429B-9600-5FA5ECC7A831}.Debug|Any CPU.Build.0 = Debug|Any CPU
		{FA2FFBB5-4DD8-429B-9600-5FA5ECC7A831}.Release|Any CPU.ActiveCfg = Release|Any CPU
		{FA2FFBB5-4DD8-429B-9600-5FA5ECC7A831}.Release|Any CPU.Build.0 = Release|Any CPU
		{948FA8B5-8CA3-4B97-B8AB-93CEE3FFF903}.Debug|Any CPU.ActiveCfg = Debug|Any CPU
		{948FA8B5-8CA3-4B97-B8AB-93CEE3FFF903}.Debug|Any CPU.Build.0 = Debug|Any CPU
		{948FA8B5-8CA3-4B97-B8AB-93CEE3FFF903}.Release|Any CPU.ActiveCfg = Release|Any CPU
		{948FA8B5-8CA3-4B97-B8AB-93CEE3FFF903}.Release|Any CPU.Build.0 = Release|Any CPU
	EndGlobalSection
	GlobalSection(SolutionProperties) = preSolution
		HideSolutionNode = FALSE
	EndGlobalSection
	GlobalSection(ExtensibilityGlobals) = postSolution
		SolutionGuid = {D4D89940-F2D8-4BA4-921E-3E674C97784E}
	EndGlobalSection
EndGlobal
